{
  "lockfile_version": "1",
  "packages": {
    "cmake@latest": {
      "last_modified": "2025-07-28T17:09:23Z",
      "resolved": "github:NixOS/nixpkgs/648f70160c03151bc2121d179291337ad6bc564b#cmake",
      "source": "devbox-search",
      "version": "3.31.7",
      "systems": {
        "aarch64-darwin": {
          "outputs": [
            {
              "name": "out",
              "path": "/nix/store/77572xb49wl0728hvxsjwxsql1lxm30r-cmake-3.31.7",
              "default": true
            }
          ],
          "store_path": "/nix/store/77572xb49wl0728hvxsjwxsql1lxm30r-cmake-3.31.7"
        },
        "aarch64-linux": {
          "outputs": [
            {
              "name": "out",
              "path": "/nix/store/2pbjx4gij8dvgs4cmh01dny1727jy5mi-cmake-3.31.7",
              "default": true
            },
            {
              "name": "debug",
              "path": "/nix/store/y23yv31zv0gn822cprm7njx28pdv3n6m-cmake-3.31.7-debug"
            }
          ],
          "store_path": "/nix/store/2pbjx4gij8dvgs4cmh01dny1727jy5mi-cmake-3.31.7"
        },
        "x86_64-darwin": {
          "outputs": [
            {
              "name": "out",
              "path": "/nix/store/y50arqd9pz1f3cyr1rafp176wxig8ws5-cmake-3.31.7",
              "default": true
            }
          ],
          "store_path": "/nix/store/y50arqd9pz1f3cyr1rafp176wxig8ws5-cmake-3.31.7"
        },
        "x86_64-linux": {
          "outputs": [
            {
              "name": "out",
              "path": "/nix/store/a3w3ka2d796ghlhf31il839c0658m5ih-cmake-3.31.7",
              "default": true
            },
            {
              "name": "debug",
              "path": "/nix/store/f8a07z4aiw19aywcvs70s30fbghq6i0d-cmake-3.31.7-debug"
            }
          ],
          "store_path": "/nix/store/a3w3ka2d796ghlhf31il839c0658m5ih-cmake-3.31.7"
        }
      }
    },
    "dotnet-sdk@8": {
      "last_modified": "2025-08-10T04:38:50Z",
      "resolved": "github:NixOS/nixpkgs/641d909c4a7538f1539da9240dedb1755c907e40#dotnet-sdk",
      "source": "devbox-search",
      "version": "8.0.413",
      "systems": {
        "aarch64-darwin": {
          "outputs": [
            {
              "name": "out",
              "path": "/nix/store/zv4g7x2hw15qdq1i5gy21j5h37hgjpxy-dotnet-sdk-wrapped-8.0.413",
              "default": true
            }
          ],
          "store_path": "/nix/store/zv4g7x2hw15qdq1i5gy21j5h37hgjpxy-dotnet-sdk-wrapped-8.0.413"
        },
        "aarch64-linux": {
          "outputs": [
            {
              "name": "out",
              "path": "/nix/store/c88hhi68g5l3q4s6n02z28l4an2gar0b-dotnet-sdk-wrapped-8.0.413",
              "default": true
            }
          ],
          "store_path": "/nix/store/c88hhi68g5l3q4s6n02z28l4an2gar0b-dotnet-sdk-wrapped-8.0.413"
        },
        "x86_64-darwin": {
          "outputs": [
            {
              "name": "out",
              "path": "/nix/store/rnmb0pzv4cvff0v1pm7ff2w6xklry4rm-dotnet-sdk-wrapped-8.0.413",
              "default": true
            }
          ],
          "store_path": "/nix/store/rnmb0pzv4cvff0v1pm7ff2w6xklry4rm-dotnet-sdk-wrapped-8.0.413"
        },
        "x86_64-linux": {
          "outputs": [
            {
              "name": "out",
              "path": "/nix/store/g7gwwffr0v6m1wlg8faxy81k4cckm3hl-dotnet-sdk-wrapped-8.0.413",
              "default": true
            }
          ],
          "store_path": "/nix/store/g7gwwffr0v6m1wlg8faxy81k4cckm3hl-dotnet-sdk-wrapped-8.0.413"
        }
      }
    },
    "fzf@latest": {
      "last_modified": "2025-08-08T08:05:48Z",
      "resolved": "github:NixOS/nixpkgs/a3f3e3f2c983e957af6b07a1db98bafd1f87b7a1#fzf",
      "source": "devbox-search",
      "version": "0.65.1",
      "systems": {
        "aarch64-darwin": {
          "outputs": [
            {
              "name": "out",
              "path": "/nix/store/1g47v585sy9mbp83bpr15xm00jk6zfqd-fzf-0.65.1",
              "default": true
            },
            {
              "name": "man",
              "path": "/nix/store/bi6hvv72zh2zqgagirqvpjddpyfb8jkq-fzf-0.65.1-man",
              "default": true
            }
          ],
          "store_path": "/nix/store/1g47v585sy9mbp83bpr15xm00jk6zfqd-fzf-0.65.1"
        },
        "aarch64-linux": {
          "outputs": [
            {
              "name": "out",
              "path": "/nix/store/cxw0r42cdwggxgnsxzh5v7h5szb4zn52-fzf-0.65.1",
              "default": true
            },
            {
              "name": "man",
              "path": "/nix/store/rw1fi4rdjpxcv1x1ln5q5iqdgp3bi0k3-fzf-0.65.1-man",
              "default": true
            }
          ],
          "store_path": "/nix/store/cxw0r42cdwggxgnsxzh5v7h5szb4zn52-fzf-0.65.1"
        },
        "x86_64-darwin": {
          "outputs": [
            {
              "name": "out",
              "path": "/nix/store/dnjnbx0yci902phzbdcjc5d6328xswy6-fzf-0.65.1",
              "default": true
            },
            {
              "name": "man",
              "path": "/nix/store/1f9mh3lghzdj06wf5g4cdypyva712idf-fzf-0.65.1-man",
              "default": true
            }
          ],
          "store_path": "/nix/store/dnjnbx0yci902phzbdcjc5d6328xswy6-fzf-0.65.1"
        },
        "x86_64-linux": {
          "outputs": [
            {
              "name": "out",
              "path": "/nix/store/6a4wknif1z62kdn3cbkak78kyf462cxj-fzf-0.65.1",
              "default": true
            },
            {
              "name": "man",
              "path": "/nix/store/2jb1xjfcilpzcgd692qb84gn87cvvhl7-fzf-0.65.1-man",
              "default": true
            }
          ],
          "store_path": "/nix/store/6a4wknif1z62kdn3cbkak78kyf462cxj-fzf-0.65.1"
        }
      }
    },
    "github:NixOS/nixpkgs/nixpkgs-unstable": {
      "resolved": "github:NixOS/nixpkgs/a918bb3594dd243c2f8534b3be01b3cb4ed35fd1?lastModified=1756536218&narHash=sha256-ynQxPVN2FIPheUgTFhv01gYLbaiSOS7NgWJPm9LF9D0%3D"
    },
    "just@latest": {
      "last_modified": "2025-07-28T17:09:23Z",
      "resolved": "github:NixOS/nixpkgs/648f70160c03151bc2121d179291337ad6bc564b#just",
      "source": "devbox-search",
      "version": "1.42.4",
      "systems": {
        "aarch64-darwin": {
          "outputs": [
            {
              "name": "out",
              "path": "/nix/store/rfqsf7a8dym7bxd8bjfhndnmx7gvbgph-just-1.42.4",
              "default": true
            },
            {
              "name": "man",
              "path": "/nix/store/gih21nbjpx4ip4d4l2h0g3hi6664k147-just-1.42.4-man",
              "default": true
            },
            {
              "name": "doc",
              "path": "/nix/store/pq9fksdkn6sbq3lli4z5y37085d5l43d-just-1.42.4-doc"
            }
          ],
          "store_path": "/nix/store/rfqsf7a8dym7bxd8bjfhndnmx7gvbgph-just-1.42.4"
        },
        "aarch64-linux": {
          "outputs": [
            {
              "name": "out",
              "path": "/nix/store/8xcqlacbwjfz518ca5hgjrf8208wjp8g-just-1.42.4",
              "default": true
            },
            {
              "name": "man",
              "path": "/nix/store/83901a2c4v4cgv1b2kx7l6m9wd174sp8-just-1.42.4-man",
              "default": true
            },
            {
              "name": "doc",
              "path": "/nix/store/z7vj1b56v3z7i64r20aa8y61ayqppqfp-just-1.42.4-doc"
            }
          ],
          "store_path": "/nix/store/8xcqlacbwjfz518ca5hgjrf8208wjp8g-just-1.42.4"
        },
        "x86_64-darwin": {
          "outputs": [
            {
              "name": "out",
              "path": "/nix/store/xv86najr5k1r4fvg6yf8ha3m8b6bhdbj-just-1.42.4",
              "default": true
            },
            {
              "name": "man",
              "path": "/nix/store/1xj03nldjkkhgkih64iyakgfdj6pxwrx-just-1.42.4-man",
              "default": true
            },
            {
              "name": "doc",
              "path": "/nix/store/cbqy754s1xm921iw2gg97pmg9q6n7nd5-just-1.42.4-doc"
            }
          ],
          "store_path": "/nix/store/xv86najr5k1r4fvg6yf8ha3m8b6bhdbj-just-1.42.4"
        },
        "x86_64-linux": {
          "outputs": [
            {
              "name": "out",
              "path": "/nix/store/wnbn0xb6mzzbl594d51hqqvch1lnzhpb-just-1.42.4",
              "default": true
            },
            {
              "name": "man",
              "path": "/nix/store/bhry505vmc1rfpnr9yn1486488nsbpsg-just-1.42.4-man",
              "default": true
            },
            {
              "name": "doc",
              "path": "/nix/store/h5p6n1hg051hjs02jwlvbndlmx73nj45-just-1.42.4-doc"
            }
          ],
          "store_path": "/nix/store/wnbn0xb6mzzbl594d51hqqvch1lnzhpb-just-1.42.4"
        }
      }
    },
    "rustup@latest": {
      "last_modified": "2025-07-28T17:09:23Z",
      "plugin_version": "0.0.1",
      "resolved": "github:NixOS/nixpkgs/648f70160c03151bc2121d179291337ad6bc564b#rustup",
      "source": "devbox-search",
      "version": "1.28.2",
      "systems": {
        "aarch64-darwin": {
          "outputs": [
            {
              "name": "out",
              "path": "/nix/store/fhz4c3pawxqklssimadm9gp5jfagfl8v-rustup-1.28.2",
              "default": true
            }
          ],
          "store_path": "/nix/store/fhz4c3pawxqklssimadm9gp5jfagfl8v-rustup-1.28.2"
        },
        "aarch64-linux": {
          "outputs": [
            {
              "name": "out",
              "path": "/nix/store/0z156naqlk96m681ns9jji0pw4vwqxq9-rustup-1.28.2",
              "default": true
            }
          ],
          "store_path": "/nix/store/0z156naqlk96m681ns9jji0pw4vwqxq9-rustup-1.28.2"
        },
        "x86_64-darwin": {
          "outputs": [
            {
              "name": "out",
              "path": "/nix/store/2zgwgadb3q97mcia0w2z643y17ifpjkz-rustup-1.28.2",
              "default": true
            }
          ],
          "store_path": "/nix/store/2zgwgadb3q97mcia0w2z643y17ifpjkz-rustup-1.28.2"
        },
        "x86_64-linux": {
          "outputs": [
            {
              "name": "out",
              "path": "/nix/store/4z7n3dky3wmx7130rid6c67ra1ipqhn1-rustup-1.28.2",
              "default": true
            }
          ],
          "store_path": "/nix/store/4z7n3dky3wmx7130rid6c67ra1ipqhn1-rustup-1.28.2"
        }
      }
    }
  }
}
