
Microsoft Visual Studio Solution File, Format Version 12.00
# Visual Studio Version 17
VisualStudioVersion = 17.0.31903.59
MinimumVisualStudioVersion = 10.0.40219.1
Project("{FAE04EC0-301F-11D3-BF4B-00C04F79EFBC}") = "Libsql.Client", "Libsql.Client\Libsql.Client.csproj", "{A3F5B435-8E58-4C2A-A95D-298BFA9C7913}"
EndProject
Project("{FAE04EC0-301F-11D3-BF4B-00C04F79EFBC}") = "Demo", "Demo\Demo.csproj", "{2AE44CD1-CAB3-4547-9B95-965121369883}"
EndProject
Project("{FAE04EC0-301F-11D3-BF4B-00C04F79EFBC}") = "Libsql.Client.Tests", "Libsql.Client.Tests\Libsql.Client.Tests.csproj", "{99E8754E-A898-48C2-B3A2-098EA08A4627}"
EndProject
Global
	GlobalSection(SolutionConfigurationPlatforms) = preSolution
		Debug|Any CPU = Debug|Any CPU
		Release|Any CPU = Release|Any CPU
	EndGlobalSection
	GlobalSection(SolutionProperties) = preSolution
		HideSolutionNode = FALSE
	EndGlobalSection
	GlobalSection(ProjectConfigurationPlatforms) = postSolution
		{A3F5B435-8E58-4C2A-A95D-298BFA9C7913}.Debug|Any CPU.ActiveCfg = Debug|Any CPU
		{A3F5B435-8E58-4C2A-A95D-298BFA9C7913}.Debug|Any CPU.Build.0 = Debug|Any CPU
		{A3F5B435-8E58-4C2A-A95D-298BFA9C7913}.Release|Any CPU.ActiveCfg = Release|Any CPU
		{A3F5B435-8E58-4C2A-A95D-298BFA9C7913}.Release|Any CPU.Build.0 = Release|Any CPU
		{2AE44CD1-CAB3-4547-9B95-965121369883}.Debug|Any CPU.ActiveCfg = Debug|Any CPU
		{2AE44CD1-CAB3-4547-9B95-965121369883}.Debug|Any CPU.Build.0 = Debug|Any CPU
		{2AE44CD1-CAB3-4547-9B95-965121369883}.Release|Any CPU.ActiveCfg = Release|Any CPU
		{2AE44CD1-CAB3-4547-9B95-965121369883}.Release|Any CPU.Build.0 = Release|Any CPU
		{99E8754E-A898-48C2-B3A2-098EA08A4627}.Debug|Any CPU.ActiveCfg = Debug|Any CPU
		{99E8754E-A898-48C2-B3A2-098EA08A4627}.Debug|Any CPU.Build.0 = Debug|Any CPU
		{99E8754E-A898-48C2-B3A2-098EA08A4627}.Release|Any CPU.ActiveCfg = Release|Any CPU
		{99E8754E-A898-48C2-B3A2-098EA08A4627}.Release|Any CPU.Build.0 = Release|Any CPU
	EndGlobalSection
EndGlobal
